{
  "name": "carlesloriente.github.io",
  "lockfileVersion": 3,
  "requires": true,
  "packages": {
    "": {
      "dependencies": {
        "nocc-bootstrap-theme": "^1.2.0"
      }
    },
    "node_modules/@popperjs/core": {
      "version": "2.11.8",
      "resolved": "https://registry.npmjs.org/@popperjs/core/-/core-2.11.8.tgz",
      "integrity": "sha512-P1st0aksCrn9sGZhp8GMYwBnQsbvAWsZAX44oXNNvLHGqAOcoVxmjZiohstwQ7SqKnbR47akdNi+uleWD8+g6A==",
      "peer": true,
      "funding": {
        "type": "opencollective",
        "url": "https://opencollective.com/popperjs"
      }
    },
    "node_modules/bootstrap": {
      "version": "5.3.3",
      "resolved": "https://registry.npmjs.org/bootstrap/-/bootstrap-5.3.3.tgz",
      "integrity": "sha512-8HLCdWgyoMguSO9o+aH+iuZ+aht+mzW0u3HIMzVu7Srrpv7EBBxTnrFlSCskwdY1+EOFQSm7uMJhNQHkdPcmjg==",
      "funding": [
        {
          "type": "github",
          "url": "https://github.com/sponsors/twbs"
        },
        {
          "type": "opencollective",
          "url": "https://opencollective.com/bootstrap"
        }
      ],
      "peerDependencies": {
        "@popperjs/core": "^2.11.8"
      }
    },
    "node_modules/nocc-bootstrap-theme": {
      "version": "1.2.1",
      "resolved": "https://registry.npmjs.org/nocc-bootstrap-theme/-/nocc-bootstrap-theme-1.2.1.tgz",
      "integrity": "sha512-7DR0+E2ILqM4YdZdB90tI2RsXWkFhSS2Tm4DYcOuEoxc3d9O/OPbMo+EgvOUzZDyT1kru1cppgj0YvqA/GheyQ==",
      "funding": [
        {
          "type": "GitHub",
          "url": "https://github.com/sponsors/carlesloriente"
        },
        {
          "type": "ko-fi",
          "url": "https://ko-fi.com/carlesloriente"
        }
      ],
      "dependencies": {
        "bootstrap": "^5.3.3"
      },
      "engines": {
        "node": ">=20.10.0"
      }
    }
  }
}
