{
  "name": "carlesloriente.github.io",
  "lockfileVersion": 3,
  "requires": true,
  "packages": {
    "": {
      "dependencies": {
        "nocc-bootstrap-theme": "^2.0.1"
      },
      "devDependencies": {
        "https": "^1.0.0"
      }
    },
    "node_modules/@popperjs/core": {
      "version": "2.11.8",
      "resolved": "https://registry.npmjs.org/@popperjs/core/-/core-2.11.8.tgz",
      "integrity": "sha512-P1st0aksCrn9sGZhp8GMYwBnQsbvAWsZAX44oXNNvLHGqAOcoVxmjZiohstwQ7SqKnbR47akdNi+uleWD8+g6A==",
      "license": "MIT",
      "peer": true,
      "funding": {
        "type": "opencollective",
        "url": "https://opencollective.com/popperjs"
      }
    },
    "node_modules/bootstrap": {
      "version": "5.3.3",
      "resolved": "https://registry.npmjs.org/bootstrap/-/bootstrap-5.3.3.tgz",
      "integrity": "sha512-8HLCdWgyoMguSO9o+aH+iuZ+aht+mzW0u3HIMzVu7Srrpv7EBBxTnrFlSCskwdY1+EOFQSm7uMJhNQHkdPcmjg==",
      "funding": [
        {
          "type": "github",
          "url": "https://github.com/sponsors/twbs"
        },
        {
          "type": "opencollective",
          "url": "https://opencollective.com/bootstrap"
        }
      ],
      "license": "MIT",
      "peerDependencies": {
        "@popperjs/core": "^2.11.8"
      }
    },
    "node_modules/https": {
      "version": "1.0.0",
      "resolved": "https://registry.npmjs.org/https/-/https-1.0.0.tgz",
      "integrity": "sha512-4EC57ddXrkaF0x83Oj8sM6SLQHAWXw90Skqu2M4AEWENZ3F02dFJE/GARA8igO79tcgYqGrD7ae4f5L3um2lgg==",
      "dev": true,
      "license": "ISC"
    },
    "node_modules/nocc-bootstrap-theme": {
      "version": "2.0.1",
      "resolved": "https://registry.npmjs.org/nocc-bootstrap-theme/-/nocc-bootstrap-theme-2.0.1.tgz",
      "integrity": "sha512-G5pZGYEI3cnGn3Ofbuyst/D4gE3+HNO9dGJTPJHc94JxBDnK+Qh/e5NjtXLncmrO9rnJ47agFiBa7WkAOoz37Q==",
      "funding": [
        {
          "type": "GitHub",
          "url": "https://github.com/sponsors/carlesloriente"
        },
        {
          "type": "ko-fi",
          "url": "https://ko-fi.com/carlesloriente"
        }
      ],
      "license": "MIT",
      "dependencies": {
        "bootstrap": "^5.3.3"
      },
      "engines": {
        "node": ">=20.10.0"
      }
    }
  }
}
